PODS:
  - R.swift (3.2.0):
    - R.swift.Library (~> 3.0.2)
  - R.swift.Library (3.0.2)

DEPENDENCIES:
  - R.swift

SPEC CHECKSUMS:
  R.swift: 207a372a2b5977caef440c696a368009460641d1
  R.swift.Library: fbdec16c9802ad104fc1ba53415dc190e6ec5c73

PODFILE CHECKSUM: 94663ed17871b587acd9b70c14da97045850e2f0

COCOAPODS: 1.1.1
